Microsoft Visual Studio Solution File, Format Version 12.00
# Visual Studio 2012
Project("{FAE04EC0-301F-11D3-BF4B-00C04F79EFBC}") = "SafeStringsCS", "SafeStringsCS.csproj", "{8FAE4069-F535-4C71-B93F-0C21AD36B84A}"
EndProject
Global
	GlobalSection(SolutionConfigurationPlatforms) = preSolution
	Debug|Any CPU = Debug|Any CPU
	ExportDebug|Any CPU = ExportDebug|Any CPU
	ExportRelease|Any CPU = ExportRelease|Any CPU
	EndGlobalSection
	GlobalSection(ProjectConfigurationPlatforms) = postSolution
		{8FAE4069-F535-4C71-B93F-0C21AD36B84A}.Debug|Any CPU.ActiveCfg = Debug|Any CPU
		{8FAE4069-F535-4C71-B93F-0C21AD36B84A}.Debug|Any CPU.Build.0 = Debug|Any CPU
		{8FAE4069-F535-4C71-B93F-0C21AD36B84A}.ExportDebug|Any CPU.ActiveCfg = ExportDebug|Any CPU
		{8FAE4069-F535-4C71-B93F-0C21AD36B84A}.ExportDebug|Any CPU.Build.0 = ExportDebug|Any CPU
		{8FAE4069-F535-4C71-B93F-0C21AD36B84A}.ExportRelease|Any CPU.ActiveCfg = ExportRelease|Any CPU
		{8FAE4069-F535-4C71-B93F-0C21AD36B84A}.ExportRelease|Any CPU.Build.0 = ExportRelease|Any CPU
	EndGlobalSection
EndGlobal
